<?xml version="1.0"?>
<Project ToolsVersion="4.0" xmlns="http://schemas.microsoft.com/developer/msbuild/2003">
	<ItemGroup>
		<ClCompile Include="src\ofApp.cpp">
			<Filter>src</Filter>
		</ClCompile>
		<ClCompile Include="src\main.cpp">
			<Filter>src</Filter>
		</ClCompile>
		<ClCompile Include="src\CamLoader.cpp">
			<Filter>src</Filter>
		</ClCompile>
		<ClCompile Include="src\ColourGradient.cpp">
			<Filter>src</Filter>
		</ClCompile>
		<ClCompile Include="src\GuiColourGradient.cpp">
			<Filter>src</Filter>
		</ClCompile>
		<ClCompile Include="src\ImageLoader.cpp">
			<Filter>src</Filter>
		</ClCompile>
		<ClCompile Include="src\input_selector.cpp">
			<Filter>src</Filter>
		</ClCompile>
		<ClCompile Include="src\main.cpp">
			<Filter>src</Filter>
		</ClCompile>
		<ClCompile Include="src\ofApp.cpp">
			<Filter>src</Filter>
		</ClCompile>
		<ClCompile Include="src\Sound.cpp">
			<Filter>src</Filter>
		</ClCompile>
		<ClCompile Include="src\VideoLoader.cpp">
			<Filter>src</Filter>
		</ClCompile>
		<ClCompile Include="..\..\..\..\addons\ofxImGui\src\BaseEngine.cpp">
			<Filter>addons\ofxImGui\src</Filter>
		</ClCompile>
		<ClCompile Include="..\..\..\..\addons\ofxImGui\src\BaseTheme.cpp">
			<Filter>addons\ofxImGui\src</Filter>
		</ClCompile>
		<ClCompile Include="..\..\..\..\addons\ofxImGui\src\EngineGLFW.cpp">
			<Filter>addons\ofxImGui\src</Filter>
		</ClCompile>
		<ClCompile Include="..\..\..\..\addons\ofxImGui\src\EngineOpenGLES.cpp">
			<Filter>addons\ofxImGui\src</Filter>
		</ClCompile>
		<ClCompile Include="..\..\..\..\addons\ofxImGui\src\Gui.cpp">
			<Filter>addons\ofxImGui\src</Filter>
		</ClCompile>
		<ClCompile Include="..\..\..\..\addons\ofxImGui\src\Helpers.cpp">
			<Filter>addons\ofxImGui\src</Filter>
		</ClCompile>
		<ClCompile Include="..\..\..\..\addons\ofxImGui\libs\imgui\src\imgui.cpp">
			<Filter>addons\ofxImGui\libs\imgui\src</Filter>
		</ClCompile>
		<ClCompile Include="..\..\..\..\addons\ofxImGui\libs\imgui\src\imgui_demo.cpp">
			<Filter>addons\ofxImGui\libs\imgui\src</Filter>
		</ClCompile>
		<ClCompile Include="..\..\..\..\addons\ofxImGui\libs\imgui\src\imgui_draw.cpp">
			<Filter>addons\ofxImGui\libs\imgui\src</Filter>
		</ClCompile>
		<ClCompile Include="..\..\..\..\addons\ofxMaxim\libs\fft.cpp">
			<Filter>addons\ofxMaxim\libs</Filter>
		</ClCompile>
		<ClCompile Include="..\..\..\..\addons\ofxMaxim\libs\maxiAtoms.cpp">
			<Filter>addons\ofxMaxim\libs</Filter>
		</ClCompile>
		<ClCompile Include="..\..\..\..\addons\ofxMaxim\libs\maxiBark.cpp">
			<Filter>addons\ofxMaxim\libs</Filter>
		</ClCompile>
		<ClCompile Include="..\..\..\..\addons\ofxMaxim\libs\maxiFFT.cpp">
			<Filter>addons\ofxMaxim\libs</Filter>
		</ClCompile>
		<ClCompile Include="..\..\..\..\addons\ofxMaxim\libs\maxiGrains.cpp">
			<Filter>addons\ofxMaxim\libs</Filter>
		</ClCompile>
		<ClCompile Include="..\..\..\..\addons\ofxMaxim\libs\maxiMFCC.cpp">
			<Filter>addons\ofxMaxim\libs</Filter>
		</ClCompile>
		<ClCompile Include="..\..\..\..\addons\ofxMaxim\libs\maximilian.cpp">
			<Filter>addons\ofxMaxim\libs</Filter>
		</ClCompile>
		<ClCompile Include="..\..\..\..\addons\ofxMaxim\libs\stb_vorbis.c">
			<Filter>addons\ofxMaxim\libs</Filter>
		</ClCompile>
		<ClCompile Include="..\..\..\..\addons\ofxNDI\src\ofxNDIdialog.cpp">
			<Filter>addons\ofxNDI\src</Filter>
		</ClCompile>
		<ClCompile Include="..\..\..\..\addons\ofxNDI\src\ofxNDIreceiver.cpp">
			<Filter>addons\ofxNDI\src</Filter>
		</ClCompile>
		<ClCompile Include="..\..\..\..\addons\ofxNDI\src\ofxNDIsender.cpp">
			<Filter>addons\ofxNDI\src</Filter>
		</ClCompile>
		<ClCompile Include="..\..\..\..\addons\ofxNDI\src\ofxNDIutils.cpp">
			<Filter>addons\ofxNDI\src</Filter>
		</ClCompile>
		<ClCompile Include="..\..\..\..\addons\ofxNDI\src\resource.rc">
			<Filter>addons\ofxNDI\src</Filter>
		</ClCompile>
		<ClCompile Include="..\..\..\..\addons\ofxSpout2\src\ofxSpout2Receiver.cpp">
			<Filter>addons\ofxSpout2\src</Filter>
		</ClCompile>
		<ClCompile Include="..\..\..\..\addons\ofxSpout2\src\ofxSpout2Sender.cpp">
			<Filter>addons\ofxSpout2\src</Filter>
		</ClCompile>
		<ClCompile Include="..\..\..\..\addons\ofxSpout2\libs\src\SpoutDirectX.cpp">
			<Filter>addons\ofxSpout2\libs\src</Filter>
		</ClCompile>
		<ClCompile Include="..\..\..\..\addons\ofxSpout2\libs\src\SpoutGLDXinterop.cpp">
			<Filter>addons\ofxSpout2\libs\src</Filter>
		</ClCompile>
		<ClCompile Include="..\..\..\..\addons\ofxSpout2\libs\src\SpoutGLextensions.cpp">
			<Filter>addons\ofxSpout2\libs\src</Filter>
		</ClCompile>
		<ClCompile Include="..\..\..\..\addons\ofxSpout2\libs\src\SpoutMemoryShare.cpp">
			<Filter>addons\ofxSpout2\libs\src</Filter>
		</ClCompile>
		<ClCompile Include="..\..\..\..\addons\ofxSpout2\libs\src\SpoutReceiver.cpp">
			<Filter>addons\ofxSpout2\libs\src</Filter>
		</ClCompile>
		<ClCompile Include="..\..\..\..\addons\ofxSpout2\libs\src\SpoutSDK.cpp">
			<Filter>addons\ofxSpout2\libs\src</Filter>
		</ClCompile>
		<ClCompile Include="..\..\..\..\addons\ofxSpout2\libs\src\SpoutSender.cpp">
			<Filter>addons\ofxSpout2\libs\src</Filter>
		</ClCompile>
		<ClCompile Include="..\..\..\..\addons\ofxSpout2\libs\src\SpoutSenderNames.cpp">
			<Filter>addons\ofxSpout2\libs\src</Filter>
		</ClCompile>
		<ClCompile Include="..\..\..\..\addons\ofxSpout2\libs\src\SpoutSharedMemory.cpp">
			<Filter>addons\ofxSpout2\libs\src</Filter>
		</ClCompile>
		<ClCompile Include="..\..\..\..\addons\ofxUbo\src\ofxUbo.cpp">
			<Filter>addons\ofxUbo\src</Filter>
		</ClCompile>
	</ItemGroup>
	<ItemGroup>
		<Filter Include="src">
			<UniqueIdentifier>{d8376475-7454-4a24-b08a-aac121d3ad6f}</UniqueIdentifier>
		</Filter>
		<Filter Include="addons">
			<UniqueIdentifier>{71834F65-F3A9-211E-73B8-DC85}</UniqueIdentifier>
		</Filter>
		<Filter Include="addons\ofxImGui">
			<UniqueIdentifier>{0CD6A942-69FF-3BAA-3AF1-ADD1}</UniqueIdentifier>
		</Filter>
		<Filter Include="addons\ofxImGui\src">
			<UniqueIdentifier>{18028A43-13D3-1DD5-471A-BE87}</UniqueIdentifier>
		</Filter>
		<Filter Include="addons\ofxImGui\libs">
			<UniqueIdentifier>{BE2F957E-7DA7-055C-DC70-3070}</UniqueIdentifier>
		</Filter>
		<Filter Include="addons\ofxImGui\libs\imgui">
			<UniqueIdentifier>{296AD70B-2F2E-1462-9E7C-6030}</UniqueIdentifier>
		</Filter>
		<Filter Include="addons\ofxImGui\libs\imgui\src">
			<UniqueIdentifier>{5962BF19-1468-EB82-01C0-2E72}</UniqueIdentifier>
		</Filter>
		<Filter Include="addons\ofxMaxim">
			<UniqueIdentifier>{BB11635E-CB83-2754-C30E-4383}</UniqueIdentifier>
		</Filter>
		<Filter Include="addons\ofxMaxim\src">
			<UniqueIdentifier>{A5FE3CBF-BB0C-BCAC-6243-EC28}</UniqueIdentifier>
		</Filter>
		<Filter Include="addons\ofxMaxim\libs">
			<UniqueIdentifier>{093ACE73-2DC8-CF52-36D5-72AA}</UniqueIdentifier>
		</Filter>
		<Filter Include="addons\ofxNDI">
			<UniqueIdentifier>{577C5AAC-F44E-A0BE-E58F-B066}</UniqueIdentifier>
		</Filter>
		<Filter Include="addons\ofxNDI\src">
			<UniqueIdentifier>{3BB183CD-62BF-E58A-FD5C-A603}</UniqueIdentifier>
		</Filter>
		<Filter Include="addons\ofxSpout2">
			<UniqueIdentifier>{DB49CB87-27C8-0C02-F602-86D7}</UniqueIdentifier>
		</Filter>
		<Filter Include="addons\ofxSpout2\src">
			<UniqueIdentifier>{917203BC-05C2-034C-1B38-B098}</UniqueIdentifier>
		</Filter>
		<Filter Include="addons\ofxSpout2\libs">
			<UniqueIdentifier>{68A64BA7-C89A-C657-EC7A-10D6}</UniqueIdentifier>
		</Filter>
		<Filter Include="addons\ofxSpout2\libs\include">
			<UniqueIdentifier>{76E15BF2-5348-07F8-F8E1-A911}</UniqueIdentifier>
		</Filter>
		<Filter Include="addons\ofxSpout2\libs\src">
			<UniqueIdentifier>{EED9D931-64B9-6EC6-5E54-A96C}</UniqueIdentifier>
		</Filter>
		<Filter Include="addons\ofxUbo">
			<UniqueIdentifier>{47360B40-F768-AE7D-D04D-4017}</UniqueIdentifier>
		</Filter>
		<Filter Include="addons\ofxUbo\src">
			<UniqueIdentifier>{9B87CA23-4ED1-4237-972F-A9BE}</UniqueIdentifier>
		</Filter>
	</ItemGroup>
	<ItemGroup>
		<ClInclude Include="src\ofApp.h">
			<Filter>src</Filter>
		</ClInclude>
		<ClInclude Include="src\CamLoader.h">
			<Filter>src</Filter>
		</ClInclude>
		<ClInclude Include="src\ColourGradient.h">
			<Filter>src</Filter>
		</ClInclude>
		<ClInclude Include="src\GuiColourGradient.h">
			<Filter>src</Filter>
		</ClInclude>
		<ClInclude Include="src\ImageLoader.h">
			<Filter>src</Filter>
		</ClInclude>
		<ClInclude Include="src\input_selector.h">
			<Filter>src</Filter>
		</ClInclude>
		<ClInclude Include="src\ofApp.h">
			<Filter>src</Filter>
		</ClInclude>
		<ClInclude Include="src\Sound.h">
			<Filter>src</Filter>
		</ClInclude>
		<ClInclude Include="src\VideoLoader.h">
			<Filter>src</Filter>
		</ClInclude>
		<ClInclude Include="..\..\..\..\addons\ofxImGui\src\BaseEngine.h">
			<Filter>addons\ofxImGui\src</Filter>
		</ClInclude>
		<ClInclude Include="..\..\..\..\addons\ofxImGui\src\BaseTheme.h">
			<Filter>addons\ofxImGui\src</Filter>
		</ClInclude>
		<ClInclude Include="..\..\..\..\addons\ofxImGui\src\EngineGLFW.h">
			<Filter>addons\ofxImGui\src</Filter>
		</ClInclude>
		<ClInclude Include="..\..\..\..\addons\ofxImGui\src\EngineOpenGLES.h">
			<Filter>addons\ofxImGui\src</Filter>
		</ClInclude>
		<ClInclude Include="..\..\..\..\addons\ofxImGui\src\Gui.h">
			<Filter>addons\ofxImGui\src</Filter>
		</ClInclude>
		<ClInclude Include="..\..\..\..\addons\ofxImGui\src\Helpers.h">
			<Filter>addons\ofxImGui\src</Filter>
		</ClInclude>
		<ClInclude Include="..\..\..\..\addons\ofxImGui\src\imconfig.h">
			<Filter>addons\ofxImGui\src</Filter>
		</ClInclude>
		<ClInclude Include="..\..\..\..\addons\ofxImGui\src\ofxImGui.h">
			<Filter>addons\ofxImGui\src</Filter>
		</ClInclude>
		<ClInclude Include="..\..\..\..\addons\ofxImGui\src\ThemeTest.h">
			<Filter>addons\ofxImGui\src</Filter>
		</ClInclude>
		<ClInclude Include="..\..\..\..\addons\ofxImGui\libs\imgui\src\imgui.h">
			<Filter>addons\ofxImGui\libs\imgui\src</Filter>
		</ClInclude>
		<ClInclude Include="..\..\..\..\addons\ofxImGui\libs\imgui\src\imgui_internal.h">
			<Filter>addons\ofxImGui\libs\imgui\src</Filter>
		</ClInclude>
		<ClInclude Include="..\..\..\..\addons\ofxImGui\libs\imgui\src\stb_rect_pack.h">
			<Filter>addons\ofxImGui\libs\imgui\src</Filter>
		</ClInclude>
		<ClInclude Include="..\..\..\..\addons\ofxImGui\libs\imgui\src\stb_textedit.h">
			<Filter>addons\ofxImGui\libs\imgui\src</Filter>
		</ClInclude>
		<ClInclude Include="..\..\..\..\addons\ofxImGui\libs\imgui\src\stb_truetype.h">
			<Filter>addons\ofxImGui\libs\imgui\src</Filter>
		</ClInclude>
		<ClInclude Include="..\..\..\..\addons\ofxMaxim\src\ofxMaxim.h">
			<Filter>addons\ofxMaxim\src</Filter>
		</ClInclude>
		<ClInclude Include="..\..\..\..\addons\ofxMaxim\libs\fft.h">
			<Filter>addons\ofxMaxim\libs</Filter>
		</ClInclude>
		<ClInclude Include="..\..\..\..\addons\ofxMaxim\libs\maxiAtoms.h">
			<Filter>addons\ofxMaxim\libs</Filter>
		</ClInclude>
		<ClInclude Include="..\..\..\..\addons\ofxMaxim\libs\maxiBark.h">
			<Filter>addons\ofxMaxim\libs</Filter>
		</ClInclude>
		<ClInclude Include="..\..\..\..\addons\ofxMaxim\libs\maxiFFT.h">
			<Filter>addons\ofxMaxim\libs</Filter>
		</ClInclude>
		<ClInclude Include="..\..\..\..\addons\ofxMaxim\libs\maxiGrains.h">
			<Filter>addons\ofxMaxim\libs</Filter>
		</ClInclude>
		<ClInclude Include="..\..\..\..\addons\ofxMaxim\libs\maxiMFCC.h">
			<Filter>addons\ofxMaxim\libs</Filter>
		</ClInclude>
		<ClInclude Include="..\..\..\..\addons\ofxMaxim\libs\maximilian.h">
			<Filter>addons\ofxMaxim\libs</Filter>
		</ClInclude>
		<ClInclude Include="..\..\..\..\addons\ofxMaxim\libs\sineTable.h">
			<Filter>addons\ofxMaxim\libs</Filter>
		</ClInclude>
		<ClInclude Include="..\..\..\..\addons\ofxMaxim\libs\stb_vorbis.h">
			<Filter>addons\ofxMaxim\libs</Filter>
		</ClInclude>
		<ClInclude Include="..\..\..\..\addons\ofxNDI\src\ofxNDI.h">
			<Filter>addons\ofxNDI\src</Filter>
		</ClInclude>
		<ClInclude Include="..\..\..\..\addons\ofxNDI\src\ofxNDIdialog.h">
			<Filter>addons\ofxNDI\src</Filter>
		</ClInclude>
		<ClInclude Include="..\..\..\..\addons\ofxNDI\src\ofxNDIreceiver.h">
			<Filter>addons\ofxNDI\src</Filter>
		</ClInclude>
		<ClInclude Include="..\..\..\..\addons\ofxNDI\src\ofxNDIsender.h">
			<Filter>addons\ofxNDI\src</Filter>
		</ClInclude>
		<ClInclude Include="..\..\..\..\addons\ofxNDI\src\ofxNDIutils.h">
			<Filter>addons\ofxNDI\src</Filter>
		</ClInclude>
		<ClInclude Include="..\..\..\..\addons\ofxNDI\src\resource.h">
			<Filter>addons\ofxNDI\src</Filter>
		</ClInclude>
		<ClInclude Include="..\..\..\..\addons\ofxSpout2\src\ofxSpout2Receiver.h">
			<Filter>addons\ofxSpout2\src</Filter>
		</ClInclude>
		<ClInclude Include="..\..\..\..\addons\ofxSpout2\src\ofxSpout2Sender.h">
			<Filter>addons\ofxSpout2\src</Filter>
		</ClInclude>
		<ClInclude Include="..\..\..\..\addons\ofxSpout2\libs\include\Spout.h">
			<Filter>addons\ofxSpout2\libs\include</Filter>
		</ClInclude>
		<ClInclude Include="..\..\..\..\addons\ofxSpout2\libs\include\SpoutCommon.h">
			<Filter>addons\ofxSpout2\libs\include</Filter>
		</ClInclude>
		<ClInclude Include="..\..\..\..\addons\ofxSpout2\libs\include\SpoutDirectX.h">
			<Filter>addons\ofxSpout2\libs\include</Filter>
		</ClInclude>
		<ClInclude Include="..\..\..\..\addons\ofxSpout2\libs\include\SpoutGLDXinterop.h">
			<Filter>addons\ofxSpout2\libs\include</Filter>
		</ClInclude>
		<ClInclude Include="..\..\..\..\addons\ofxSpout2\libs\include\SpoutGLextensions.h">
			<Filter>addons\ofxSpout2\libs\include</Filter>
		</ClInclude>
		<ClInclude Include="..\..\..\..\addons\ofxSpout2\libs\include\SpoutMemoryShare.h">
			<Filter>addons\ofxSpout2\libs\include</Filter>
		</ClInclude>
		<ClInclude Include="..\..\..\..\addons\ofxSpout2\libs\include\SpoutReceiver.h">
			<Filter>addons\ofxSpout2\libs\include</Filter>
		</ClInclude>
		<ClInclude Include="..\..\..\..\addons\ofxSpout2\libs\include\SpoutSDK.h">
			<Filter>addons\ofxSpout2\libs\include</Filter>
		</ClInclude>
		<ClInclude Include="..\..\..\..\addons\ofxSpout2\libs\include\SpoutSender.h">
			<Filter>addons\ofxSpout2\libs\include</Filter>
		</ClInclude>
		<ClInclude Include="..\..\..\..\addons\ofxSpout2\libs\include\SpoutSenderNames.h">
			<Filter>addons\ofxSpout2\libs\include</Filter>
		</ClInclude>
		<ClInclude Include="..\..\..\..\addons\ofxSpout2\libs\include\SpoutSharedMemory.h">
			<Filter>addons\ofxSpout2\libs\include</Filter>
		</ClInclude>
		<ClInclude Include="..\..\..\..\addons\ofxUbo\src\ofxUbo.h">
			<Filter>addons\ofxUbo\src</Filter>
		</ClInclude>
	</ItemGroup>
	<ItemGroup>
		<ResourceCompile Include="icon.rc" />
	</ItemGroup>
</Project>
